
Microsoft Visual Studio Solution File, Format Version 12.00
# Visual Studio Version 16
VisualStudioVersion = 16.0.31729.503
MinimumVisualStudioVersion = 10.0.40219.1
Project("{9A19103F-16F7-4668-BE54-9A1E7A4F7556}") = "Business", "Business\Business.csproj", "{116722CB-479C-4ACB-82CE-62606DDF4910}"
EndProject
Project("{9A19103F-16F7-4668-BE54-9A1E7A4F7556}") = "Core", "Core\Core.csproj", "{A077DD96-5B35-4095-9FA9-83953261B5EF}"
EndProject
Project("{9A19103F-16F7-4668-BE54-9A1E7A4F7556}") = "DataAccess", "DataAccess\DataAccess.csproj", "{5767155D-D89B-420D-BE6E-E382A591510D}"
EndProject
Project("{9A19103F-16F7-4668-BE54-9A1E7A4F7556}") = "Entities", "Entities\Entities.csproj", "{C2C4F411-D96D-45D8-9DA2-EC3D20B7CEFF}"
EndProject
Project("{9A19103F-16F7-4668-BE54-9A1E7A4F7556}") = "ConsoleUI", "ConsoleUI\ConsoleUI.csproj", "{D5FA10D4-AB3F-488C-BE74-88CAAAE3704C}"
EndProject
Project("{FAE04EC0-301F-11D3-BF4B-00C04F79EFBC}") = "WebAPI", "WebAPI\WebAPI.csproj", "{422AD290-48A8-4181-AEE7-C68D44EDDD0F}"
EndProject
Global
	GlobalSection(SolutionConfigurationPlatforms) = preSolution
		Debug|Any CPU = Debug|Any CPU
		Release|Any CPU = Release|Any CPU
	EndGlobalSection
	GlobalSection(ProjectConfigurationPlatforms) = postSolution
		{116722CB-479C-4ACB-82CE-62606DDF4910}.Debug|Any CPU.ActiveCfg = Debug|Any CPU
		{116722CB-479C-4ACB-82CE-62606DDF4910}.Debug|Any CPU.Build.0 = Debug|Any CPU
		{116722CB-479C-4ACB-82CE-62606DDF4910}.Release|Any CPU.ActiveCfg = Release|Any CPU
		{116722CB-479C-4ACB-82CE-62606DDF4910}.Release|Any CPU.Build.0 = Release|Any CPU
		{A077DD96-5B35-4095-9FA9-83953261B5EF}.Debug|Any CPU.ActiveCfg = Debug|Any CPU
		{A077DD96-5B35-4095-9FA9-83953261B5EF}.Debug|Any CPU.Build.0 = Debug|Any CPU
		{A077DD96-5B35-4095-9FA9-83953261B5EF}.Release|Any CPU.ActiveCfg = Release|Any CPU
		{A077DD96-5B35-4095-9FA9-83953261B5EF}.Release|Any CPU.Build.0 = Release|Any CPU
		{5767155D-D89B-420D-BE6E-E382A591510D}.Debug|Any CPU.ActiveCfg = Debug|Any CPU
		{5767155D-D89B-420D-BE6E-E382A591510D}.Debug|Any CPU.Build.0 = Debug|Any CPU
		{5767155D-D89B-420D-BE6E-E382A591510D}.Release|Any CPU.ActiveCfg = Release|Any CPU
		{5767155D-D89B-420D-BE6E-E382A591510D}.Release|Any CPU.Build.0 = Release|Any CPU
		{C2C4F411-D96D-45D8-9DA2-EC3D20B7CEFF}.Debug|Any CPU.ActiveCfg = Debug|Any CPU
		{C2C4F411-D96D-45D8-9DA2-EC3D20B7CEFF}.Debug|Any CPU.Build.0 = Debug|Any CPU
		{C2C4F411-D96D-45D8-9DA2-EC3D20B7CEFF}.Release|Any CPU.ActiveCfg = Release|Any CPU
		{C2C4F411-D96D-45D8-9DA2-EC3D20B7CEFF}.Release|Any CPU.Build.0 = Release|Any CPU
		{D5FA10D4-AB3F-488C-BE74-88CAAAE3704C}.Debug|Any CPU.ActiveCfg = Debug|Any CPU
		{D5FA10D4-AB3F-488C-BE74-88CAAAE3704C}.Debug|Any CPU.Build.0 = Debug|Any CPU
		{D5FA10D4-AB3F-488C-BE74-88CAAAE3704C}.Release|Any CPU.ActiveCfg = Release|Any CPU
		{D5FA10D4-AB3F-488C-BE74-88CAAAE3704C}.Release|Any CPU.Build.0 = Release|Any CPU
		{422AD290-48A8-4181-AEE7-C68D44EDDD0F}.Debug|Any CPU.ActiveCfg = Debug|Any CPU
		{422AD290-48A8-4181-AEE7-C68D44EDDD0F}.Debug|Any CPU.Build.0 = Debug|Any CPU
		{422AD290-48A8-4181-AEE7-C68D44EDDD0F}.Release|Any CPU.ActiveCfg = Release|Any CPU
		{422AD290-48A8-4181-AEE7-C68D44EDDD0F}.Release|Any CPU.Build.0 = Release|Any CPU
	EndGlobalSection
	GlobalSection(SolutionProperties) = preSolution
		HideSolutionNode = FALSE
	EndGlobalSection
	GlobalSection(ExtensibilityGlobals) = postSolution
		SolutionGuid = {5F29B7F6-27F6-4D75-9899-83C7C730EAE9}
	EndGlobalSection
EndGlobal
